
Microsoft Visual Studio Solution File, Format Version 12.00
# Visual Studio Version 17
VisualStudioVersion = 17.6.33815.320
MinimumVisualStudioVersion = 10.0.40219.1
Project("{FAE04EC0-301F-11D3-BF4B-00C04F79EFBC}") = "Polymorpism", "Polymorpism\Polymorpism.csproj", "{22D73D7C-579C-42CA-B586-E40F438578F2}"
EndProject
Global
	GlobalSection(SolutionConfigurationPlatforms) = preSolution
		Debug|Any CPU = Debug|Any CPU
		Release|Any CPU = Release|Any CPU
	EndGlobalSection
	GlobalSection(ProjectConfigurationPlatforms) = postSolution
		{22D73D7C-579C-42CA-B586-E40F438578F2}.Debug|Any CPU.ActiveCfg = Debug|Any CPU
		{22D73D7C-579C-42CA-B586-E40F438578F2}.Debug|Any CPU.Build.0 = Debug|Any CPU
		{22D73D7C-579C-42CA-B586-E40F438578F2}.Release|Any CPU.ActiveCfg = Release|Any CPU
		{22D73D7C-579C-42CA-B586-E40F438578F2}.Release|Any CPU.Build.0 = Release|Any CPU
	EndGlobalSection
	GlobalSection(SolutionProperties) = preSolution
		HideSolutionNode = FALSE
	EndGlobalSection
	GlobalSection(ExtensibilityGlobals) = postSolution
		SolutionGuid = {34307E96-B9C7-4990-9C95-0C79E918D0DD}
	EndGlobalSection
EndGlobal
